// !$*UTF8*$!
{
	archiveVersion = 1;
	classes = {
	};
	objectVersion = 77;
	objects = {

/* Begin PBXBuildFile section */
		02A325D63FCB3DFF8065582F /* ChatConversationView.swift in Sources */ = {isa = PBXBuildFile; fileRef = BD28E5D3F6941EAA6F79086C /* ChatConversationView.swift */; };
		2145C5480E8541BC7C687CC5 /* LoginView.swift in Sources */ = {isa = PBXBuildFile; fileRef = 7C3C28008EFA73EA49C0ABBE /* LoginView.swift */; };
		2BA68F6EA9A220A94623BDC8 /* Assets.xcassets in Resources */ = {isa = PBXBuildFile; fileRef = 9DDB77A4F132E5EDBD70A9DC /* Assets.xcassets */; };
		47C0258A49CA38BB45DC4DBB /* AIApp.swift in Sources */ = {isa = PBXBuildFile; fileRef = CFC2B38FB09175260336186C /* AIApp.swift */; };
		4E618D51FA496445C13EAB0F /* AudioSessionManager.swift in Sources */ = {isa = PBXBuildFile; fileRef = 9E76F7A558E938B7B5054DE2 /* AudioSessionManager.swift */; };
		5A40DE0391AAF3828698F67B /* ChatStreamClient.swift in Sources */ = {isa = PBXBuildFile; fileRef = 4B997619C15B00985CA100DB /* ChatStreamClient.swift */; };
		623C19A6B01B807B555A570C /* AppTheme.swift in Sources */ = {isa = PBXBuildFile; fileRef = E1FAFE74F624D879BAC9BFCA /* AppTheme.swift */; };
		65E814CBACA52E20288D40BB /* AuthService.swift in Sources */ = {isa = PBXBuildFile; fileRef = CF8D1D481A7786BCD927A620 /* AuthService.swift */; };
		8554F474FEE5F5525CA6B27F /* KeychainStore.swift in Sources */ = {isa = PBXBuildFile; fileRef = 669CAFA6E5115023A9BFF494 /* KeychainStore.swift */; };
		8D167A4825CB0E645AD2A893 /* ChatTurn.swift in Sources */ = {isa = PBXBuildFile; fileRef = 1BA469F7EAAA0988A102F10E /* ChatTurn.swift */; };
		91C71312FA97DCAB403C5738 /* APIClient.swift in Sources */ = {isa = PBXBuildFile; fileRef = 71F86A76B15F0B63AC905392 /* APIClient.swift */; };
		B5A3E4043458AFDCC717E3F5 /* TtsClient.swift in Sources */ = {isa = PBXBuildFile; fileRef = 64852BBBE60A8029CF20BFA0 /* TtsClient.swift */; };
		C3120102FDADC6E1D8EC5F35 /* AsrWebSocketClient.swift in Sources */ = {isa = PBXBuildFile; fileRef = 26AC3D6BF002E0940494DA03 /* AsrWebSocketClient.swift */; };
		CF590EEC47041270C7BAFD79 /* Config.swift in Sources */ = {isa = PBXBuildFile; fileRef = 7AE85F42614776C4296FC625 /* Config.swift */; };
		E82E4BCEB88810F325B389C6 /* ChatConversationViewModel.swift in Sources */ = {isa = PBXBuildFile; fileRef = 389962698BC2DB0A33BE2651 /* ChatConversationViewModel.swift */; };
		F477F58967429014BC36F1AB /* AITests.swift in Sources */ = {isa = PBXBuildFile; fileRef = 3F5D6CCCFE6516C3E9C70C04 /* AITests.swift */; };
		F7859F4753BB6722DFB35738 /* ContentView.swift in Sources */ = {isa = PBXBuildFile; fileRef = C56F0F2C2EC80ACD4DCE40BF /* ContentView.swift */; };
/* End PBXBuildFile section */

/* Begin PBXContainerItemProxy section */
		B03E80E3E3D9EC86BC412D2B /* PBXContainerItemProxy */ = {
			isa = PBXContainerItemProxy;
			containerPortal = 736DAEE7FE2BADD5175F7C2C /* Project object */;
			proxyType = 1;
			remoteGlobalIDString = 36DAA53FCF00C28E6C5ED555;
			remoteInfo = AI;
		};
/* End PBXContainerItemProxy section */

/* Begin PBXFileReference section */
		1BA469F7EAAA0988A102F10E /* ChatTurn.swift */ = {isa = PBXFileReference; lastKnownFileType = sourcecode.swift; path = ChatTurn.swift; sourceTree = "<group>"; };
		2548B5D89C3F7333DF34E6AD /* AI.app */ = {isa = PBXFileReference; includeInIndex = 0; lastKnownFileType = wrapper.application; path = AI.app; sourceTree = BUILT_PRODUCTS_DIR; };
		26AC3D6BF002E0940494DA03 /* AsrWebSocketClient.swift */ = {isa = PBXFileReference; lastKnownFileType = sourcecode.swift; path = AsrWebSocketClient.swift; sourceTree = "<group>"; };
		36294B170C1F3168E70E15F0 /* AITests.xctest */ = {isa = PBXFileReference; includeInIndex = 0; lastKnownFileType = wrapper.cfbundle; path = AITests.xctest; sourceTree = BUILT_PRODUCTS_DIR; };
		389962698BC2DB0A33BE2651 /* ChatConversationViewModel.swift */ = {isa = PBXFileReference; lastKnownFileType = sourcecode.swift; path = ChatConversationViewModel.swift; sourceTree = "<group>"; };
		3F5D6CCCFE6516C3E9C70C04 /* AITests.swift */ = {isa = PBXFileReference; lastKnownFileType = sourcecode.swift; path = AITests.swift; sourceTree = "<group>"; };
		4B997619C15B00985CA100DB /* ChatStreamClient.swift */ = {isa = PBXFileReference; lastKnownFileType = sourcecode.swift; path = ChatStreamClient.swift; sourceTree = "<group>"; };
		64852BBBE60A8029CF20BFA0 /* TtsClient.swift */ = {isa = PBXFileReference; lastKnownFileType = sourcecode.swift; path = TtsClient.swift; sourceTree = "<group>"; };
		669CAFA6E5115023A9BFF494 /* KeychainStore.swift */ = {isa = PBXFileReference; lastKnownFileType = sourcecode.swift; path = KeychainStore.swift; sourceTree = "<group>"; };
		71F86A76B15F0B63AC905392 /* APIClient.swift */ = {isa = PBXFileReference; lastKnownFileType = sourcecode.swift; path = APIClient.swift; sourceTree = "<group>"; };
		7AE85F42614776C4296FC625 /* Config.swift */ = {isa = PBXFileReference; lastKnownFileType = sourcecode.swift; path = Config.swift; sourceTree = "<group>"; };
		7C3C28008EFA73EA49C0ABBE /* LoginView.swift */ = {isa = PBXFileReference; lastKnownFileType = sourcecode.swift; path = LoginView.swift; sourceTree = "<group>"; };
		9DDB77A4F132E5EDBD70A9DC /* Assets.xcassets */ = {isa = PBXFileReference; lastKnownFileType = folder.assetcatalog; path = Assets.xcassets; sourceTree = "<group>"; };
		9E76F7A558E938B7B5054DE2 /* AudioSessionManager.swift */ = {isa = PBXFileReference; lastKnownFileType = sourcecode.swift; path = AudioSessionManager.swift; sourceTree = "<group>"; };
		BD28E5D3F6941EAA6F79086C /* ChatConversationView.swift */ = {isa = PBXFileReference; lastKnownFileType = sourcecode.swift; path = ChatConversationView.swift; sourceTree = "<group>"; };
		C56F0F2C2EC80ACD4DCE40BF /* ContentView.swift */ = {isa = PBXFileReference; lastKnownFileType = sourcecode.swift; path = ContentView.swift; sourceTree = "<group>"; };
		CF8D1D481A7786BCD927A620 /* AuthService.swift */ = {isa = PBXFileReference; lastKnownFileType = sourcecode.swift; path = AuthService.swift; sourceTree = "<group>"; };
		CFC2B38FB09175260336186C /* AIApp.swift */ = {isa = PBXFileReference; lastKnownFileType = sourcecode.swift; path = AIApp.swift; sourceTree = "<group>"; };
		E1FAFE74F624D879BAC9BFCA /* AppTheme.swift */ = {isa = PBXFileReference; lastKnownFileType = sourcecode.swift; path = AppTheme.swift; sourceTree = "<group>"; };
		F1D4F30D6C97F08962C866AE /* Info.plist */ = {isa = PBXFileReference; lastKnownFileType = text.plist; path = Info.plist; sourceTree = "<group>"; };
/* End PBXFileReference section */

/* Begin PBXGroup section */
		3FD06F03C5E05E7F1EE90F16 /* Chat */ = {
			isa = PBXGroup;
			children = (
				BD28E5D3F6941EAA6F79086C /* ChatConversationView.swift */,
				389962698BC2DB0A33BE2651 /* ChatConversationViewModel.swift */,
				4B997619C15B00985CA100DB /* ChatStreamClient.swift */,
				1BA469F7EAAA0988A102F10E /* ChatTurn.swift */,
			);
			path = Chat;
			sourceTree = "<group>";
		};
		58159A27F2745130F9BA5096 /* AI */ = {
			isa = PBXGroup;
			children = (
				E1E8FAD5AFC1BFFE32A0A933 /* Account */,
				A9E062FDBCA9394E0A67027F /* Brand */,
				3FD06F03C5E05E7F1EE90F16 /* Chat */,
				C126000FB5EB8416BF5293EC /* General */,
				E85D661FE5F4D04D97A63F16 /* Navigation */,
				CFC2B38FB09175260336186C /* AIApp.swift */,
				9DDB77A4F132E5EDBD70A9DC /* Assets.xcassets */,
				F1D4F30D6C97F08962C866AE /* Info.plist */,
			);
			path = AI;
			sourceTree = "<group>";
		};
		5B5139F6C0E4BC979A33CEF9 /* AITests */ = {
			isa = PBXGroup;
			children = (
				3F5D6CCCFE6516C3E9C70C04 /* AITests.swift */,
			);
			path = AITests;
			sourceTree = "<group>";
		};
		938BC77E5FB627674D3E6F3F = {
			isa = PBXGroup;
			children = (
				58159A27F2745130F9BA5096 /* AI */,
				5B5139F6C0E4BC979A33CEF9 /* AITests */,
				B20A78DB477814DCCB520B61 /* Products */,
			);
			sourceTree = "<group>";
		};
		A9E062FDBCA9394E0A67027F /* Brand */ = {
			isa = PBXGroup;
			children = (
				E1FAFE74F624D879BAC9BFCA /* AppTheme.swift */,
			);
			path = Brand;
			sourceTree = "<group>";
		};
		B20A78DB477814DCCB520B61 /* Products */ = {
			isa = PBXGroup;
			children = (
				2548B5D89C3F7333DF34E6AD /* AI.app */,
				36294B170C1F3168E70E15F0 /* AITests.xctest */,
			);
			name = Products;
			sourceTree = "<group>";
		};
		C126000FB5EB8416BF5293EC /* General */ = {
			isa = PBXGroup;
			children = (
				71F86A76B15F0B63AC905392 /* APIClient.swift */,
				26AC3D6BF002E0940494DA03 /* AsrWebSocketClient.swift */,
				9E76F7A558E938B7B5054DE2 /* AudioSessionManager.swift */,
				7AE85F42614776C4296FC625 /* Config.swift */,
				64852BBBE60A8029CF20BFA0 /* TtsClient.swift */,
			);
			path = General;
			sourceTree = "<group>";
		};
		E1E8FAD5AFC1BFFE32A0A933 /* Account */ = {
			isa = PBXGroup;
			children = (
				CF8D1D481A7786BCD927A620 /* AuthService.swift */,
				669CAFA6E5115023A9BFF494 /* KeychainStore.swift */,
				7C3C28008EFA73EA49C0ABBE /* LoginView.swift */,
			);
			path = Account;
			sourceTree = "<group>";
		};
		E85D661FE5F4D04D97A63F16 /* Navigation */ = {
			isa = PBXGroup;
			children = (
				C56F0F2C2EC80ACD4DCE40BF /* ContentView.swift */,
			);
			path = Navigation;
			sourceTree = "<group>";
		};
/* End PBXGroup section */

/* Begin PBXNativeTarget section */
		36DAA53FCF00C28E6C5ED555 /* AI */ = {
			isa = PBXNativeTarget;
			buildConfigurationList = 4125802FF08E98F883A0ACDE /* Build configuration list for PBXNativeTarget "AI" */;
			buildPhases = (
				05E5F86AFF222A1C27C1713E /* Sources */,
				3F8FBA662A0AFE7F804CE7AF /* Resources */,
			);
			buildRules = (
			);
			dependencies = (
			);
			name = AI;
			packageProductDependencies = (
			);
			productName = AI;
			productReference = 2548B5D89C3F7333DF34E6AD /* AI.app */;
			productType = "com.apple.product-type.application";
		};
		A9B43694A70CACFFA0F76F24 /* AITests */ = {
			isa = PBXNativeTarget;
			buildConfigurationList = 0F56CCABFDFEEB6FC192A3DB /* Build configuration list for PBXNativeTarget "AITests" */;
			buildPhases = (
				A71314881BEF4038F1B0258D /* Sources */,
			);
			buildRules = (
			);
			dependencies = (
				F8DD9C5E41B118809EE29C39 /* PBXTargetDependency */,
			);
			name = AITests;
			packageProductDependencies = (
			);
			productName = AITests;
			productReference = 36294B170C1F3168E70E15F0 /* AITests.xctest */;
			productType = "com.apple.product-type.bundle.unit-test";
		};
/* End PBXNativeTarget section */

/* Begin PBXProject section */
		736DAEE7FE2BADD5175F7C2C /* Project object */ = {
			isa = PBXProject;
			attributes = {
				BuildIndependentTargetsInParallel = YES;
				LastUpgradeCheck = 1430;
				TargetAttributes = {
					36DAA53FCF00C28E6C5ED555 = {
						DevelopmentTeam = PVXT4ZZ49P;
						ProvisioningStyle = Automatic;
					};
					A9B43694A70CACFFA0F76F24 = {
						DevelopmentTeam = PVXT4ZZ49P;
					};
				};
			};
			buildConfigurationList = FB93C40041CEC4549C9040A1 /* Build configuration list for PBXProject "AI" */;
			developmentRegion = en;
			hasScannedForEncodings = 0;
			knownRegions = (
				Base,
				en,
			);
			mainGroup = 938BC77E5FB627674D3E6F3F;
			minimizedProjectReferenceProxies = 1;
			preferredProjectObjectVersion = 77;
			productRefGroup = B20A78DB477814DCCB520B61 /* Products */;
			projectDirPath = "";
			projectRoot = "";
			targets = (
				36DAA53FCF00C28E6C5ED555 /* AI */,
				A9B43694A70CACFFA0F76F24 /* AITests */,
			);
		};
/* End PBXProject section */

/* Begin PBXResourcesBuildPhase section */
		3F8FBA662A0AFE7F804CE7AF /* Resources */ = {
			isa = PBXResourcesBuildPhase;
			buildActionMask = 2147483647;
			files = (
				2BA68F6EA9A220A94623BDC8 /* Assets.xcassets in Resources */,
			);
			runOnlyForDeploymentPostprocessing = 0;
		};
/* End PBXResourcesBuildPhase section */

/* Begin PBXSourcesBuildPhase section */
		05E5F86AFF222A1C27C1713E /* Sources */ = {
			isa = PBXSourcesBuildPhase;
			buildActionMask = 2147483647;
			files = (
				47C0258A49CA38BB45DC4DBB /* AIApp.swift in Sources */,
				91C71312FA97DCAB403C5738 /* APIClient.swift in Sources */,
				623C19A6B01B807B555A570C /* AppTheme.swift in Sources */,
				C3120102FDADC6E1D8EC5F35 /* AsrWebSocketClient.swift in Sources */,
				4E618D51FA496445C13EAB0F /* AudioSessionManager.swift in Sources */,
				65E814CBACA52E20288D40BB /* AuthService.swift in Sources */,
				02A325D63FCB3DFF8065582F /* ChatConversationView.swift in Sources */,
				E82E4BCEB88810F325B389C6 /* ChatConversationViewModel.swift in Sources */,
				5A40DE0391AAF3828698F67B /* ChatStreamClient.swift in Sources */,
				8D167A4825CB0E645AD2A893 /* ChatTurn.swift in Sources */,
				CF590EEC47041270C7BAFD79 /* Config.swift in Sources */,
				F7859F4753BB6722DFB35738 /* ContentView.swift in Sources */,
				8554F474FEE5F5525CA6B27F /* KeychainStore.swift in Sources */,
				2145C5480E8541BC7C687CC5 /* LoginView.swift in Sources */,
				B5A3E4043458AFDCC717E3F5 /* TtsClient.swift in Sources */,
			);
			runOnlyForDeploymentPostprocessing = 0;
		};
		A71314881BEF4038F1B0258D /* Sources */ = {
			isa = PBXSourcesBuildPhase;
			buildActionMask = 2147483647;
			files = (
				F477F58967429014BC36F1AB /* AITests.swift in Sources */,
			);
			runOnlyForDeploymentPostprocessing = 0;
		};
/* End PBXSourcesBuildPhase section */

/* Begin PBXTargetDependency section */
		F8DD9C5E41B118809EE29C39 /* PBXTargetDependency */ = {
			isa = PBXTargetDependency;
			target = 36DAA53FCF00C28E6C5ED555 /* AI */;
			targetProxy = B03E80E3E3D9EC86BC412D2B /* PBXContainerItemProxy */;
		};
/* End PBXTargetDependency section */

/* Begin XCBuildConfiguration section */
		5ED6E99ED30CDC7A4962BA1C /* Release */ = {
			isa = XCBuildConfiguration;
			buildSettings = {
				BUNDLE_LOADER = "$(TEST_HOST)";
				DEVELOPMENT_TEAM = PVXT4ZZ49P;
				GENERATE_INFOPLIST_FILE = YES;
				LD_RUNPATH_SEARCH_PATHS = (
					"$(inherited)",
					"@executable_path/Frameworks",
					"@loader_path/Frameworks",
				);
				PRODUCT_BUNDLE_IDENTIFIER = com.explore.ai.tests;
				SDKROOT = iphoneos;
				TARGETED_DEVICE_FAMILY = "1,2";
				TEST_HOST = "$(BUILT_PRODUCTS_DIR)/AI.app/$(BUNDLE_EXECUTABLE_FOLDER_PATH)/AI";
			};
			name = Release;
		};
		9F00ACBEDCEDF19F41A59F79 /* Debug */ = {
			isa = XCBuildConfiguration;
			buildSettings = {
				ALWAYS_SEARCH_USER_PATHS = NO;
				CLANG_ANALYZER_NONNULL = YES;
				CLANG_ANALYZER_NUMBER_OBJECT_CONVERSION = YES_AGGRESSIVE;
				CLANG_CXX_LANGUAGE_STANDARD = "gnu++14";
				CLANG_CXX_LIBRARY = "libc++";
				CLANG_ENABLE_MODULES = YES;
				CLANG_ENABLE_OBJC_ARC = YES;
				CLANG_ENABLE_OBJC_WEAK = YES;
				CLANG_WARN_BLOCK_CAPTURE_AUTORELEASING = YES;
				CLANG_WARN_BOOL_CONVERSION = YES;
				CLANG_WARN_COMMA = YES;
				CLANG_WARN_CONSTANT_CONVERSION = YES;
				CLANG_WARN_DEPRECATED_OBJC_IMPLEMENTATIONS = YES;
				CLANG_WARN_DIRECT_OBJC_ISA_USAGE = YES_ERROR;
				CLANG_WARN_DOCUMENTATION_COMMENTS = YES;
				CLANG_WARN_EMPTY_BODY = YES;
				CLANG_WARN_ENUM_CONVERSION = YES;
				CLANG_WARN_INFINITE_RECURSION = YES;
				CLANG_WARN_INT_CONVERSION = YES;
				CLANG_WARN_NON_LITERAL_NULL_CONVERSION = YES;
				CLANG_WARN_OBJC_IMPLICIT_RETAIN_SELF = YES;
				CLANG_WARN_OBJC_LITERAL_CONVERSION = YES;
				CLANG_WARN_OBJC_ROOT_CLASS = YES_ERROR;
				CLANG_WARN_QUOTED_INCLUDE_IN_FRAMEWORK_HEADER = YES;
				CLANG_WARN_RANGE_LOOP_ANALYSIS = YES;
				CLANG_WARN_STRICT_PROTOTYPES = YES;
				CLANG_WARN_SUSPICIOUS_MOVE = YES;
				CLANG_WARN_UNGUARDED_AVAILABILITY = YES_AGGRESSIVE;
				CLANG_WARN_UNREACHABLE_CODE = YES;
				CLANG_WARN__DUPLICATE_METHOD_MATCH = YES;
				COPY_PHASE_STRIP = NO;
				CURRENT_PROJECT_VERSION = 1;
				DEBUG_INFORMATION_FORMAT = dwarf;
				ENABLE_STRICT_OBJC_MSGSEND = YES;
				ENABLE_TESTABILITY = YES;
				GCC_C_LANGUAGE_STANDARD = gnu11;
				GCC_DYNAMIC_NO_PIC = NO;
				GCC_NO_COMMON_BLOCKS = YES;
				GCC_OPTIMIZATION_LEVEL = 0;
				GCC_PREPROCESSOR_DEFINITIONS = (
					"$(inherited)",
					"DEBUG=1",
				);
				GCC_WARN_64_TO_32_BIT_CONVERSION = YES;
				GCC_WARN_ABOUT_RETURN_TYPE = YES_ERROR;
				GCC_WARN_UNDECLARED_SELECTOR = YES;
				GCC_WARN_UNINITIALIZED_AUTOS = YES_AGGRESSIVE;
				GCC_WARN_UNUSED_FUNCTION = YES;
				GCC_WARN_UNUSED_VARIABLE = YES;
				IPHONEOS_DEPLOYMENT_TARGET = 17.0;
				MARKETING_VERSION = 1.0.0;
				MTL_ENABLE_DEBUG_INFO = INCLUDE_SOURCE;
				MTL_FAST_MATH = YES;
				ONLY_ACTIVE_ARCH = YES;
				PRODUCT_NAME = "$(TARGET_NAME)";
				SDKROOT = iphoneos;
				SWIFT_ACTIVE_COMPILATION_CONDITIONS = DEBUG;
				SWIFT_OPTIMIZATION_LEVEL = "-Onone";
				SWIFT_VERSION = 5.10;
			};
			name = Debug;
		};
		DC0127F7761F91B60258F90A /* Release */ = {
			isa = XCBuildConfiguration;
			buildSettings = {
				ASSETCATALOG_COMPILER_APPICON_NAME = AppIcon;
				CODE_SIGN_IDENTITY = "iPhone Developer";
				CODE_SIGN_STYLE = Automatic;
				DEVELOPMENT_TEAM = PVXT4ZZ49P;
				GENERATE_INFOPLIST_FILE = YES;
				INFOPLIST_FILE = AI/Info.plist;
				LD_RUNPATH_SEARCH_PATHS = (
					"$(inherited)",
					"@executable_path/Frameworks",
				);
				PRODUCT_BUNDLE_IDENTIFIER = com.explore.ai;
				SDKROOT = iphoneos;
				SUPPORTED_PLATFORMS = "iphoneos iphonesimulator";
				SUPPORTS_MACCATALYST = NO;
				TARGETED_DEVICE_FAMILY = "1,2";
			};
			name = Release;
		};
		F3715A345CFB51D5F44C4F0B /* Release */ = {
			isa = XCBuildConfiguration;
			buildSettings = {
				ALWAYS_SEARCH_USER_PATHS = NO;
				CLANG_ANALYZER_NONNULL = YES;
				CLANG_ANALYZER_NUMBER_OBJECT_CONVERSION = YES_AGGRESSIVE;
				CLANG_CXX_LANGUAGE_STANDARD = "gnu++14";
				CLANG_CXX_LIBRARY = "libc++";
				CLANG_ENABLE_MODULES = YES;
				CLANG_ENABLE_OBJC_ARC = YES;
				CLANG_ENABLE_OBJC_WEAK = YES;
				CLANG_WARN_BLOCK_CAPTURE_AUTORELEASING = YES;
				CLANG_WARN_BOOL_CONVERSION = YES;
				CLANG_WARN_COMMA = YES;
				CLANG_WARN_CONSTANT_CONVERSION = YES;
				CLANG_WARN_DEPRECATED_OBJC_IMPLEMENTATIONS = YES;
				CLANG_WARN_DIRECT_OBJC_ISA_USAGE = YES_ERROR;
				CLANG_WARN_DOCUMENTATION_COMMENTS = YES;
				CLANG_WARN_EMPTY_BODY = YES;
				CLANG_WARN_ENUM_CONVERSION = YES;
				CLANG_WARN_INFINITE_RECURSION = YES;
				CLANG_WARN_INT_CONVERSION = YES;
				CLANG_WARN_NON_LITERAL_NULL_CONVERSION = YES;
				CLANG_WARN_OBJC_IMPLICIT_RETAIN_SELF = YES;
				CLANG_WARN_OBJC_LITERAL_CONVERSION = YES;
				CLANG_WARN_OBJC_ROOT_CLASS = YES_ERROR;
				CLANG_WARN_QUOTED_INCLUDE_IN_FRAMEWORK_HEADER = YES;
				CLANG_WARN_RANGE_LOOP_ANALYSIS = YES;
				CLANG_WARN_STRICT_PROTOTYPES = YES;
				CLANG_WARN_SUSPICIOUS_MOVE = YES;
				CLANG_WARN_UNGUARDED_AVAILABILITY = YES_AGGRESSIVE;
				CLANG_WARN_UNREACHABLE_CODE = YES;
				CLANG_WARN__DUPLICATE_METHOD_MATCH = YES;
				COPY_PHASE_STRIP = NO;
				CURRENT_PROJECT_VERSION = 1;
				DEBUG_INFORMATION_FORMAT = "dwarf-with-dsym";
				ENABLE_NS_ASSERTIONS = NO;
				ENABLE_STRICT_OBJC_MSGSEND = YES;
				GCC_C_LANGUAGE_STANDARD = gnu11;
				GCC_NO_COMMON_BLOCKS = YES;
				GCC_WARN_64_TO_32_BIT_CONVERSION = YES;
				GCC_WARN_ABOUT_RETURN_TYPE = YES_ERROR;
				GCC_WARN_UNDECLARED_SELECTOR = YES;
				GCC_WARN_UNINITIALIZED_AUTOS = YES_AGGRESSIVE;
				GCC_WARN_UNUSED_FUNCTION = YES;
				GCC_WARN_UNUSED_VARIABLE = YES;
				IPHONEOS_DEPLOYMENT_TARGET = 17.0;
				MARKETING_VERSION = 1.0.0;
				MTL_ENABLE_DEBUG_INFO = NO;
				MTL_FAST_MATH = YES;
				PRODUCT_NAME = "$(TARGET_NAME)";
				SDKROOT = iphoneos;
				SWIFT_COMPILATION_MODE = wholemodule;
				SWIFT_OPTIMIZATION_LEVEL = "-O";
				SWIFT_VERSION = 5.10;
			};
			name = Release;
		};
		F5205DFD057CE40EAF23ED56 /* Debug */ = {
			isa = XCBuildConfiguration;
			buildSettings = {
				BUNDLE_LOADER = "$(TEST_HOST)";
				DEVELOPMENT_TEAM = PVXT4ZZ49P;
				GENERATE_INFOPLIST_FILE = YES;
				LD_RUNPATH_SEARCH_PATHS = (
					"$(inherited)",
					"@executable_path/Frameworks",
					"@loader_path/Frameworks",
				);
				PRODUCT_BUNDLE_IDENTIFIER = com.explore.ai.tests;
				SDKROOT = iphoneos;
				TARGETED_DEVICE_FAMILY = "1,2";
				TEST_HOST = "$(BUILT_PRODUCTS_DIR)/AI.app/$(BUNDLE_EXECUTABLE_FOLDER_PATH)/AI";
			};
			name = Debug;
		};
		F845ADFB83751D3305B71539 /* Debug */ = {
			isa = XCBuildConfiguration;
			buildSettings = {
				ASSETCATALOG_COMPILER_APPICON_NAME = AppIcon;
				CODE_SIGN_IDENTITY = "iPhone Developer";
				CODE_SIGN_STYLE = Automatic;
				DEVELOPMENT_TEAM = PVXT4ZZ49P;
				GENERATE_INFOPLIST_FILE = YES;
				INFOPLIST_FILE = AI/Info.plist;
				LD_RUNPATH_SEARCH_PATHS = (
					"$(inherited)",
					"@executable_path/Frameworks",
				);
				PRODUCT_BUNDLE_IDENTIFIER = com.explore.ai;
				SDKROOT = iphoneos;
				SUPPORTED_PLATFORMS = "iphoneos iphonesimulator";
				SUPPORTS_MACCATALYST = NO;
				TARGETED_DEVICE_FAMILY = "1,2";
			};
			name = Debug;
		};
/* End XCBuildConfiguration section */

/* Begin XCConfigurationList section */
		0F56CCABFDFEEB6FC192A3DB /* Build configuration list for PBXNativeTarget "AITests" */ = {
			isa = XCConfigurationList;
			buildConfigurations = (
				F5205DFD057CE40EAF23ED56 /* Debug */,
				5ED6E99ED30CDC7A4962BA1C /* Release */,
			);
			defaultConfigurationIsVisible = 0;
			defaultConfigurationName = Debug;
		};
		4125802FF08E98F883A0ACDE /* Build configuration list for PBXNativeTarget "AI" */ = {
			isa = XCConfigurationList;
			buildConfigurations = (
				F845ADFB83751D3305B71539 /* Debug */,
				DC0127F7761F91B60258F90A /* Release */,
			);
			defaultConfigurationIsVisible = 0;
			defaultConfigurationName = Debug;
		};
		FB93C40041CEC4549C9040A1 /* Build configuration list for PBXProject "AI" */ = {
			isa = XCConfigurationList;
			buildConfigurations = (
				9F00ACBEDCEDF19F41A59F79 /* Debug */,
				F3715A345CFB51D5F44C4F0B /* Release */,
			);
			defaultConfigurationIsVisible = 0;
			defaultConfigurationName = Debug;
		};
/* End XCConfigurationList section */
	};
	rootObject = 736DAEE7FE2BADD5175F7C2C /* Project object */;
}
